
Microsoft Visual Studio Solution File, Format Version 12.00
# Visual Studio Version 17
VisualStudioVersion = 17.0.31903.59
MinimumVisualStudioVersion = 10.0.40219.1
Project("{FAE04EC0-301F-11D3-BF4B-00C04F79EFBC}") = "DebugApp", "DebugApp\DebugApp.csproj", "{C5838EDE-3EA8-4450-9704-77107E4FB399}"
EndProject
Project("{FAE04EC0-301F-11D3-BF4B-00C04F79EFBC}") = "DebugAppTest", "DebugAppTest\DebugAppTest.csproj", "{58A8997C-F343-4699-8AAF-EE7590B659B6}"
EndProject
Global
	GlobalSection(SolutionConfigurationPlatforms) = preSolution
		Debug|Any CPU = Debug|Any CPU
		Release|Any CPU = Release|Any CPU
	EndGlobalSection
	GlobalSection(SolutionProperties) = preSolution
		HideSolutionNode = FALSE
	EndGlobalSection
	GlobalSection(ProjectConfigurationPlatforms) = postSolution
		{C5838EDE-3EA8-4450-9704-77107E4FB399}.Debug|Any CPU.ActiveCfg = Debug|Any CPU
		{C5838EDE-3EA8-4450-9704-77107E4FB399}.Debug|Any CPU.Build.0 = Debug|Any CPU
		{C5838EDE-3EA8-4450-9704-77107E4FB399}.Release|Any CPU.ActiveCfg = Release|Any CPU
		{C5838EDE-3EA8-4450-9704-77107E4FB399}.Release|Any CPU.Build.0 = Release|Any CPU
		{58A8997C-F343-4699-8AAF-EE7590B659B6}.Debug|Any CPU.ActiveCfg = Debug|Any CPU
		{58A8997C-F343-4699-8AAF-EE7590B659B6}.Debug|Any CPU.Build.0 = Debug|Any CPU
		{58A8997C-F343-4699-8AAF-EE7590B659B6}.Release|Any CPU.ActiveCfg = Release|Any CPU
		{58A8997C-F343-4699-8AAF-EE7590B659B6}.Release|Any CPU.Build.0 = Release|Any CPU
	EndGlobalSection
EndGlobal
