
Microsoft Visual Studio Solution File, Format Version 12.00
# Visual Studio Version 17
VisualStudioVersion = 17.5.002.0
MinimumVisualStudioVersion = 10.0.40219.1
Project("{9A19103F-16F7-4668-BE54-9A1E7A4F7556}") = "DesafioUd8Pag10", "DesafioUd8Pag10.csproj", "{98EA3296-6DC1-4481-877C-69F05981970F}"
EndProject
Global
	GlobalSection(SolutionConfigurationPlatforms) = preSolution
		Debug|Any CPU = Debug|Any CPU
		Release|Any CPU = Release|Any CPU
	EndGlobalSection
	GlobalSection(ProjectConfigurationPlatforms) = postSolution
		{98EA3296-6DC1-4481-877C-69F05981970F}.Debug|Any CPU.ActiveCfg = Debug|Any CPU
		{98EA3296-6DC1-4481-877C-69F05981970F}.Debug|Any CPU.Build.0 = Debug|Any CPU
		{98EA3296-6DC1-4481-877C-69F05981970F}.Release|Any CPU.ActiveCfg = Release|Any CPU
		{98EA3296-6DC1-4481-877C-69F05981970F}.Release|Any CPU.Build.0 = Release|Any CPU
	EndGlobalSection
	GlobalSection(SolutionProperties) = preSolution
		HideSolutionNode = FALSE
	EndGlobalSection
	GlobalSection(ExtensibilityGlobals) = postSolution
		SolutionGuid = {11FA03F8-6F9D-4C96-BCED-5D938F0FA82B}
	EndGlobalSection
EndGlobal
